
Microsoft Visual Studio Solution File, Format Version 12.00
# Visual Studio 15
VisualStudioVersion = 15.0.28307.705
MinimumVisualStudioVersion = 10.0.40219.1
Project("{FAE04EC0-301F-11D3-BF4B-00C04F79EFBC}") = "ConsoleApp1", "ConsoleApp1\ConsoleApp1.csproj", "{A8674469-B851-46F0-9AE5-E4FAF51990F2}"
EndProject
Project("{2150E333-8FDC-42A3-9474-1A3956D46DE8}") = "Pr_Zad", "Pr_Zad", "{6A1442D0-36C6-4137-AC7C-955B4487462F}"
EndProject
Project("{FAE04EC0-301F-11D3-BF4B-00C04F79EFBC}") = "Pr10_01_Zakraglqne", "Pr10_01_Zakraglqne\Pr10_01_Zakraglqne.csproj", "{397B8BB2-880F-4C9B-8768-778ABEBD062E}"
EndProject
Project("{FAE04EC0-301F-11D3-BF4B-00C04F79EFBC}") = "Pechat_Masiv", "Pechat_Masiv\Pechat_Masiv.csproj", "{90F11EE3-79FA-4FC0-9A1E-BBCEA04BC4B7}"
EndProject
Project("{FAE04EC0-301F-11D3-BF4B-00C04F79EFBC}") = "Pr10_02_ReverseStringMasiv", "Pr10_02_ReverseStringMasiv\Pr10_02_ReverseStringMasiv.csproj", "{D4DB939F-00D8-444D-AA7C-47D06AF445BD}"
EndProject
Project("{2150E333-8FDC-42A3-9474-1A3956D46DE8}") = "Word_Zad", "Word_Zad", "{0269BFA5-40DA-41DB-9F89-05DBF24AD152}"
EndProject
Project("{FAE04EC0-301F-11D3-BF4B-00C04F79EFBC}") = "w10_01_MinMaxSumAverage", "w10_01_MinMaxSumAverage\w10_01_MinMaxSumAverage.csproj", "{4D4AFBDC-688A-4592-8021-A2D40F65F945}"
EndProject
Project("{FAE04EC0-301F-11D3-BF4B-00C04F79EFBC}") = "w10_02_SreshtanoChislo", "w10_02_SreshtanoChislo\w10_02_SreshtanoChislo.csproj", "{54E71B71-4C7E-4F50-A104-65C979B284D0}"
EndProject
Project("{FAE04EC0-301F-11D3-BF4B-00C04F79EFBC}") = "w10_03_IndexAlphabet", "w10_03_IndexAlphabet\w10_03_IndexAlphabet.csproj", "{8DBE1BA7-37C0-41B5-A4E9-03419AAAF4F0}"
EndProject
Project("{FAE04EC0-301F-11D3-BF4B-00C04F79EFBC}") = "Metodi_Masiv", "Metodi_Masiv\Metodi_Masiv.csproj", "{2A5D4DA4-4195-4CC6-874E-5DFAF46F3733}"
EndProject
Global
	GlobalSection(SolutionConfigurationPlatforms) = preSolution
		Debug|Any CPU = Debug|Any CPU
		Debug|ARM = Debug|ARM
		Debug|ARM64 = Debug|ARM64
		Debug|x64 = Debug|x64
		Debug|x86 = Debug|x86
		Release|Any CPU = Release|Any CPU
		Release|ARM = Release|ARM
		Release|ARM64 = Release|ARM64
		Release|x64 = Release|x64
		Release|x86 = Release|x86
	EndGlobalSection
	GlobalSection(ProjectConfigurationPlatforms) = postSolution
		{A8674469-B851-46F0-9AE5-E4FAF51990F2}.Debug|Any CPU.ActiveCfg = Debug|Any CPU
		{A8674469-B851-46F0-9AE5-E4FAF51990F2}.Debug|Any CPU.Build.0 = Debug|Any CPU
		{A8674469-B851-46F0-9AE5-E4FAF51990F2}.Debug|ARM.ActiveCfg = Debug|Any CPU
		{A8674469-B851-46F0-9AE5-E4FAF51990F2}.Debug|ARM.Build.0 = Debug|Any CPU
		{A8674469-B851-46F0-9AE5-E4FAF51990F2}.Debug|ARM64.ActiveCfg = Debug|Any CPU
		{A8674469-B851-46F0-9AE5-E4FAF51990F2}.Debug|ARM64.Build.0 = Debug|Any CPU
		{A8674469-B851-46F0-9AE5-E4FAF51990F2}.Debug|x64.ActiveCfg = Debug|Any CPU
		{A8674469-B851-46F0-9AE5-E4FAF51990F2}.Debug|x64.Build.0 = Debug|Any CPU
		{A8674469-B851-46F0-9AE5-E4FAF51990F2}.Debug|x86.ActiveCfg = Debug|Any CPU
		{A8674469-B851-46F0-9AE5-E4FAF51990F2}.Debug|x86.Build.0 = Debug|Any CPU
		{A8674469-B851-46F0-9AE5-E4FAF51990F2}.Release|Any CPU.ActiveCfg = Release|Any CPU
		{A8674469-B851-46F0-9AE5-E4FAF51990F2}.Release|Any CPU.Build.0 = Release|Any CPU
		{A8674469-B851-46F0-9AE5-E4FAF51990F2}.Release|ARM.ActiveCfg = Release|Any CPU
		{A8674469-B851-46F0-9AE5-E4FAF51990F2}.Release|ARM.Build.0 = Release|Any CPU
		{A8674469-B851-46F0-9AE5-E4FAF51990F2}.Release|ARM64.ActiveCfg = Release|Any CPU
		{A8674469-B851-46F0-9AE5-E4FAF51990F2}.Release|ARM64.Build.0 = Release|Any CPU
		{A8674469-B851-46F0-9AE5-E4FAF51990F2}.Release|x64.ActiveCfg = Release|Any CPU
		{A8674469-B851-46F0-9AE5-E4FAF51990F2}.Release|x64.Build.0 = Release|Any CPU
		{A8674469-B851-46F0-9AE5-E4FAF51990F2}.Release|x86.ActiveCfg = Release|Any CPU
		{A8674469-B851-46F0-9AE5-E4FAF51990F2}.Release|x86.Build.0 = Release|Any CPU
		{397B8BB2-880F-4C9B-8768-778ABEBD062E}.Debug|Any CPU.ActiveCfg = Debug|Any CPU
		{397B8BB2-880F-4C9B-8768-778ABEBD062E}.Debug|Any CPU.Build.0 = Debug|Any CPU
		{397B8BB2-880F-4C9B-8768-778ABEBD062E}.Debug|ARM.ActiveCfg = Debug|Any CPU
		{397B8BB2-880F-4C9B-8768-778ABEBD062E}.Debug|ARM.Build.0 = Debug|Any CPU
		{397B8BB2-880F-4C9B-8768-778ABEBD062E}.Debug|ARM64.ActiveCfg = Debug|Any CPU
		{397B8BB2-880F-4C9B-8768-778ABEBD062E}.Debug|ARM64.Build.0 = Debug|Any CPU
		{397B8BB2-880F-4C9B-8768-778ABEBD062E}.Debug|x64.ActiveCfg = Debug|Any CPU
		{397B8BB2-880F-4C9B-8768-778ABEBD062E}.Debug|x64.Build.0 = Debug|Any CPU
		{397B8BB2-880F-4C9B-8768-778ABEBD062E}.Debug|x86.ActiveCfg = Debug|Any CPU
		{397B8BB2-880F-4C9B-8768-778ABEBD062E}.Debug|x86.Build.0 = Debug|Any CPU
		{397B8BB2-880F-4C9B-8768-778ABEBD062E}.Release|Any CPU.ActiveCfg = Release|Any CPU
		{397B8BB2-880F-4C9B-8768-778ABEBD062E}.Release|Any CPU.Build.0 = Release|Any CPU
		{397B8BB2-880F-4C9B-8768-778ABEBD062E}.Release|ARM.ActiveCfg = Release|Any CPU
		{397B8BB2-880F-4C9B-8768-778ABEBD062E}.Release|ARM.Build.0 = Release|Any CPU
		{397B8BB2-880F-4C9B-8768-778ABEBD062E}.Release|ARM64.ActiveCfg = Release|Any CPU
		{397B8BB2-880F-4C9B-8768-778ABEBD062E}.Release|ARM64.Build.0 = Release|Any CPU
		{397B8BB2-880F-4C9B-8768-778ABEBD062E}.Release|x64.ActiveCfg = Release|Any CPU
		{397B8BB2-880F-4C9B-8768-778ABEBD062E}.Release|x64.Build.0 = Release|Any CPU
		{397B8BB2-880F-4C9B-8768-778ABEBD062E}.Release|x86.ActiveCfg = Release|Any CPU
		{397B8BB2-880F-4C9B-8768-778ABEBD062E}.Release|x86.Build.0 = Release|Any CPU
		{90F11EE3-79FA-4FC0-9A1E-BBCEA04BC4B7}.Debug|Any CPU.ActiveCfg = Debug|Any CPU
		{90F11EE3-79FA-4FC0-9A1E-BBCEA04BC4B7}.Debug|Any CPU.Build.0 = Debug|Any CPU
		{90F11EE3-79FA-4FC0-9A1E-BBCEA04BC4B7}.Debug|ARM.ActiveCfg = Debug|Any CPU
		{90F11EE3-79FA-4FC0-9A1E-BBCEA04BC4B7}.Debug|ARM.Build.0 = Debug|Any CPU
		{90F11EE3-79FA-4FC0-9A1E-BBCEA04BC4B7}.Debug|ARM64.ActiveCfg = Debug|Any CPU
		{90F11EE3-79FA-4FC0-9A1E-BBCEA04BC4B7}.Debug|ARM64.Build.0 = Debug|Any CPU
		{90F11EE3-79FA-4FC0-9A1E-BBCEA04BC4B7}.Debug|x64.ActiveCfg = Debug|Any CPU
		{90F11EE3-79FA-4FC0-9A1E-BBCEA04BC4B7}.Debug|x64.Build.0 = Debug|Any CPU
		{90F11EE3-79FA-4FC0-9A1E-BBCEA04BC4B7}.Debug|x86.ActiveCfg = Debug|Any CPU
		{90F11EE3-79FA-4FC0-9A1E-BBCEA04BC4B7}.Debug|x86.Build.0 = Debug|Any CPU
		{90F11EE3-79FA-4FC0-9A1E-BBCEA04BC4B7}.Release|Any CPU.ActiveCfg = Release|Any CPU
		{90F11EE3-79FA-4FC0-9A1E-BBCEA04BC4B7}.Release|Any CPU.Build.0 = Release|Any CPU
		{90F11EE3-79FA-4FC0-9A1E-BBCEA04BC4B7}.Release|ARM.ActiveCfg = Release|Any CPU
		{90F11EE3-79FA-4FC0-9A1E-BBCEA04BC4B7}.Release|ARM.Build.0 = Release|Any CPU
		{90F11EE3-79FA-4FC0-9A1E-BBCEA04BC4B7}.Release|ARM64.ActiveCfg = Release|Any CPU
		{90F11EE3-79FA-4FC0-9A1E-BBCEA04BC4B7}.Release|ARM64.Build.0 = Release|Any CPU
		{90F11EE3-79FA-4FC0-9A1E-BBCEA04BC4B7}.Release|x64.ActiveCfg = Release|Any CPU
		{90F11EE3-79FA-4FC0-9A1E-BBCEA04BC4B7}.Release|x64.Build.0 = Release|Any CPU
		{90F11EE3-79FA-4FC0-9A1E-BBCEA04BC4B7}.Release|x86.ActiveCfg = Release|Any CPU
		{90F11EE3-79FA-4FC0-9A1E-BBCEA04BC4B7}.Release|x86.Build.0 = Release|Any CPU
		{D4DB939F-00D8-444D-AA7C-47D06AF445BD}.Debug|Any CPU.ActiveCfg = Debug|Any CPU
		{D4DB939F-00D8-444D-AA7C-47D06AF445BD}.Debug|Any CPU.Build.0 = Debug|Any CPU
		{D4DB939F-00D8-444D-AA7C-47D06AF445BD}.Debug|ARM.ActiveCfg = Debug|Any CPU
		{D4DB939F-00D8-444D-AA7C-47D06AF445BD}.Debug|ARM.Build.0 = Debug|Any CPU
		{D4DB939F-00D8-444D-AA7C-47D06AF445BD}.Debug|ARM64.ActiveCfg = Debug|Any CPU
		{D4DB939F-00D8-444D-AA7C-47D06AF445BD}.Debug|ARM64.Build.0 = Debug|Any CPU
		{D4DB939F-00D8-444D-AA7C-47D06AF445BD}.Debug|x64.ActiveCfg = Debug|Any CPU
		{D4DB939F-00D8-444D-AA7C-47D06AF445BD}.Debug|x64.Build.0 = Debug|Any CPU
		{D4DB939F-00D8-444D-AA7C-47D06AF445BD}.Debug|x86.ActiveCfg = Debug|Any CPU
		{D4DB939F-00D8-444D-AA7C-47D06AF445BD}.Debug|x86.Build.0 = Debug|Any CPU
		{D4DB939F-00D8-444D-AA7C-47D06AF445BD}.Release|Any CPU.ActiveCfg = Release|Any CPU
		{D4DB939F-00D8-444D-AA7C-47D06AF445BD}.Release|Any CPU.Build.0 = Release|Any CPU
		{D4DB939F-00D8-444D-AA7C-47D06AF445BD}.Release|ARM.ActiveCfg = Release|Any CPU
		{D4DB939F-00D8-444D-AA7C-47D06AF445BD}.Release|ARM.Build.0 = Release|Any CPU
		{D4DB939F-00D8-444D-AA7C-47D06AF445BD}.Release|ARM64.ActiveCfg = Release|Any CPU
		{D4DB939F-00D8-444D-AA7C-47D06AF445BD}.Release|ARM64.Build.0 = Release|Any CPU
		{D4DB939F-00D8-444D-AA7C-47D06AF445BD}.Release|x64.ActiveCfg = Release|Any CPU
		{D4DB939F-00D8-444D-AA7C-47D06AF445BD}.Release|x64.Build.0 = Release|Any CPU
		{D4DB939F-00D8-444D-AA7C-47D06AF445BD}.Release|x86.ActiveCfg = Release|Any CPU
		{D4DB939F-00D8-444D-AA7C-47D06AF445BD}.Release|x86.Build.0 = Release|Any CPU
		{4D4AFBDC-688A-4592-8021-A2D40F65F945}.Debug|Any CPU.ActiveCfg = Debug|Any CPU
		{4D4AFBDC-688A-4592-8021-A2D40F65F945}.Debug|Any CPU.Build.0 = Debug|Any CPU
		{4D4AFBDC-688A-4592-8021-A2D40F65F945}.Debug|ARM.ActiveCfg = Debug|Any CPU
		{4D4AFBDC-688A-4592-8021-A2D40F65F945}.Debug|ARM.Build.0 = Debug|Any CPU
		{4D4AFBDC-688A-4592-8021-A2D40F65F945}.Debug|ARM64.ActiveCfg = Debug|Any CPU
		{4D4AFBDC-688A-4592-8021-A2D40F65F945}.Debug|ARM64.Build.0 = Debug|Any CPU
		{4D4AFBDC-688A-4592-8021-A2D40F65F945}.Debug|x64.ActiveCfg = Debug|Any CPU
		{4D4AFBDC-688A-4592-8021-A2D40F65F945}.Debug|x64.Build.0 = Debug|Any CPU
		{4D4AFBDC-688A-4592-8021-A2D40F65F945}.Debug|x86.ActiveCfg = Debug|Any CPU
		{4D4AFBDC-688A-4592-8021-A2D40F65F945}.Debug|x86.Build.0 = Debug|Any CPU
		{4D4AFBDC-688A-4592-8021-A2D40F65F945}.Release|Any CPU.ActiveCfg = Release|Any CPU
		{4D4AFBDC-688A-4592-8021-A2D40F65F945}.Release|Any CPU.Build.0 = Release|Any CPU
		{4D4AFBDC-688A-4592-8021-A2D40F65F945}.Release|ARM.ActiveCfg = Release|Any CPU
		{4D4AFBDC-688A-4592-8021-A2D40F65F945}.Release|ARM.Build.0 = Release|Any CPU
		{4D4AFBDC-688A-4592-8021-A2D40F65F945}.Release|ARM64.ActiveCfg = Release|Any CPU
		{4D4AFBDC-688A-4592-8021-A2D40F65F945}.Release|ARM64.Build.0 = Release|Any CPU
		{4D4AFBDC-688A-4592-8021-A2D40F65F945}.Release|x64.ActiveCfg = Release|Any CPU
		{4D4AFBDC-688A-4592-8021-A2D40F65F945}.Release|x64.Build.0 = Release|Any CPU
		{4D4AFBDC-688A-4592-8021-A2D40F65F945}.Release|x86.ActiveCfg = Release|Any CPU
		{4D4AFBDC-688A-4592-8021-A2D40F65F945}.Release|x86.Build.0 = Release|Any CPU
		{54E71B71-4C7E-4F50-A104-65C979B284D0}.Debug|Any CPU.ActiveCfg = Debug|Any CPU
		{54E71B71-4C7E-4F50-A104-65C979B284D0}.Debug|Any CPU.Build.0 = Debug|Any CPU
		{54E71B71-4C7E-4F50-A104-65C979B284D0}.Debug|ARM.ActiveCfg = Debug|Any CPU
		{54E71B71-4C7E-4F50-A104-65C979B284D0}.Debug|ARM.Build.0 = Debug|Any CPU
		{54E71B71-4C7E-4F50-A104-65C979B284D0}.Debug|ARM64.ActiveCfg = Debug|Any CPU
		{54E71B71-4C7E-4F50-A104-65C979B284D0}.Debug|ARM64.Build.0 = Debug|Any CPU
		{54E71B71-4C7E-4F50-A104-65C979B284D0}.Debug|x64.ActiveCfg = Debug|Any CPU
		{54E71B71-4C7E-4F50-A104-65C979B284D0}.Debug|x64.Build.0 = Debug|Any CPU
		{54E71B71-4C7E-4F50-A104-65C979B284D0}.Debug|x86.ActiveCfg = Debug|Any CPU
		{54E71B71-4C7E-4F50-A104-65C979B284D0}.Debug|x86.Build.0 = Debug|Any CPU
		{54E71B71-4C7E-4F50-A104-65C979B284D0}.Release|Any CPU.ActiveCfg = Release|Any CPU
		{54E71B71-4C7E-4F50-A104-65C979B284D0}.Release|Any CPU.Build.0 = Release|Any CPU
		{54E71B71-4C7E-4F50-A104-65C979B284D0}.Release|ARM.ActiveCfg = Release|Any CPU
		{54E71B71-4C7E-4F50-A104-65C979B284D0}.Release|ARM.Build.0 = Release|Any CPU
		{54E71B71-4C7E-4F50-A104-65C979B284D0}.Release|ARM64.ActiveCfg = Release|Any CPU
		{54E71B71-4C7E-4F50-A104-65C979B284D0}.Release|ARM64.Build.0 = Release|Any CPU
		{54E71B71-4C7E-4F50-A104-65C979B284D0}.Release|x64.ActiveCfg = Release|Any CPU
		{54E71B71-4C7E-4F50-A104-65C979B284D0}.Release|x64.Build.0 = Release|Any CPU
		{54E71B71-4C7E-4F50-A104-65C979B284D0}.Release|x86.ActiveCfg = Release|Any CPU
		{54E71B71-4C7E-4F50-A104-65C979B284D0}.Release|x86.Build.0 = Release|Any CPU
		{8DBE1BA7-37C0-41B5-A4E9-03419AAAF4F0}.Debug|Any CPU.ActiveCfg = Debug|Any CPU
		{8DBE1BA7-37C0-41B5-A4E9-03419AAAF4F0}.Debug|Any CPU.Build.0 = Debug|Any CPU
		{8DBE1BA7-37C0-41B5-A4E9-03419AAAF4F0}.Debug|ARM.ActiveCfg = Debug|Any CPU
		{8DBE1BA7-37C0-41B5-A4E9-03419AAAF4F0}.Debug|ARM.Build.0 = Debug|Any CPU
		{8DBE1BA7-37C0-41B5-A4E9-03419AAAF4F0}.Debug|ARM64.ActiveCfg = Debug|Any CPU
		{8DBE1BA7-37C0-41B5-A4E9-03419AAAF4F0}.Debug|ARM64.Build.0 = Debug|Any CPU
		{8DBE1BA7-37C0-41B5-A4E9-03419AAAF4F0}.Debug|x64.ActiveCfg = Debug|Any CPU
		{8DBE1BA7-37C0-41B5-A4E9-03419AAAF4F0}.Debug|x64.Build.0 = Debug|Any CPU
		{8DBE1BA7-37C0-41B5-A4E9-03419AAAF4F0}.Debug|x86.ActiveCfg = Debug|Any CPU
		{8DBE1BA7-37C0-41B5-A4E9-03419AAAF4F0}.Debug|x86.Build.0 = Debug|Any CPU
		{8DBE1BA7-37C0-41B5-A4E9-03419AAAF4F0}.Release|Any CPU.ActiveCfg = Release|Any CPU
		{8DBE1BA7-37C0-41B5-A4E9-03419AAAF4F0}.Release|Any CPU.Build.0 = Release|Any CPU
		{8DBE1BA7-37C0-41B5-A4E9-03419AAAF4F0}.Release|ARM.ActiveCfg = Release|Any CPU
		{8DBE1BA7-37C0-41B5-A4E9-03419AAAF4F0}.Release|ARM.Build.0 = Release|Any CPU
		{8DBE1BA7-37C0-41B5-A4E9-03419AAAF4F0}.Release|ARM64.ActiveCfg = Release|Any CPU
		{8DBE1BA7-37C0-41B5-A4E9-03419AAAF4F0}.Release|ARM64.Build.0 = Release|Any CPU
		{8DBE1BA7-37C0-41B5-A4E9-03419AAAF4F0}.Release|x64.ActiveCfg = Release|Any CPU
		{8DBE1BA7-37C0-41B5-A4E9-03419AAAF4F0}.Release|x64.Build.0 = Release|Any CPU
		{8DBE1BA7-37C0-41B5-A4E9-03419AAAF4F0}.Release|x86.ActiveCfg = Release|Any CPU
		{8DBE1BA7-37C0-41B5-A4E9-03419AAAF4F0}.Release|x86.Build.0 = Release|Any CPU
		{2A5D4DA4-4195-4CC6-874E-5DFAF46F3733}.Debug|Any CPU.ActiveCfg = Debug|Any CPU
		{2A5D4DA4-4195-4CC6-874E-5DFAF46F3733}.Debug|Any CPU.Build.0 = Debug|Any CPU
		{2A5D4DA4-4195-4CC6-874E-5DFAF46F3733}.Debug|ARM.ActiveCfg = Debug|Any CPU
		{2A5D4DA4-4195-4CC6-874E-5DFAF46F3733}.Debug|ARM.Build.0 = Debug|Any CPU
		{2A5D4DA4-4195-4CC6-874E-5DFAF46F3733}.Debug|ARM64.ActiveCfg = Debug|Any CPU
		{2A5D4DA4-4195-4CC6-874E-5DFAF46F3733}.Debug|ARM64.Build.0 = Debug|Any CPU
		{2A5D4DA4-4195-4CC6-874E-5DFAF46F3733}.Debug|x64.ActiveCfg = Debug|Any CPU
		{2A5D4DA4-4195-4CC6-874E-5DFAF46F3733}.Debug|x64.Build.0 = Debug|Any CPU
		{2A5D4DA4-4195-4CC6-874E-5DFAF46F3733}.Debug|x86.ActiveCfg = Debug|Any CPU
		{2A5D4DA4-4195-4CC6-874E-5DFAF46F3733}.Debug|x86.Build.0 = Debug|Any CPU
		{2A5D4DA4-4195-4CC6-874E-5DFAF46F3733}.Release|Any CPU.ActiveCfg = Release|Any CPU
		{2A5D4DA4-4195-4CC6-874E-5DFAF46F3733}.Release|Any CPU.Build.0 = Release|Any CPU
		{2A5D4DA4-4195-4CC6-874E-5DFAF46F3733}.Release|ARM.ActiveCfg = Release|Any CPU
		{2A5D4DA4-4195-4CC6-874E-5DFAF46F3733}.Release|ARM.Build.0 = Release|Any CPU
		{2A5D4DA4-4195-4CC6-874E-5DFAF46F3733}.Release|ARM64.ActiveCfg = Release|Any CPU
		{2A5D4DA4-4195-4CC6-874E-5DFAF46F3733}.Release|ARM64.Build.0 = Release|Any CPU
		{2A5D4DA4-4195-4CC6-874E-5DFAF46F3733}.Release|x64.ActiveCfg = Release|Any CPU
		{2A5D4DA4-4195-4CC6-874E-5DFAF46F3733}.Release|x64.Build.0 = Release|Any CPU
		{2A5D4DA4-4195-4CC6-874E-5DFAF46F3733}.Release|x86.ActiveCfg = Release|Any CPU
		{2A5D4DA4-4195-4CC6-874E-5DFAF46F3733}.Release|x86.Build.0 = Release|Any CPU
	EndGlobalSection
	GlobalSection(SolutionProperties) = preSolution
		HideSolutionNode = FALSE
	EndGlobalSection
	GlobalSection(NestedProjects) = preSolution
		{397B8BB2-880F-4C9B-8768-778ABEBD062E} = {6A1442D0-36C6-4137-AC7C-955B4487462F}
		{D4DB939F-00D8-444D-AA7C-47D06AF445BD} = {6A1442D0-36C6-4137-AC7C-955B4487462F}
		{4D4AFBDC-688A-4592-8021-A2D40F65F945} = {0269BFA5-40DA-41DB-9F89-05DBF24AD152}
		{54E71B71-4C7E-4F50-A104-65C979B284D0} = {0269BFA5-40DA-41DB-9F89-05DBF24AD152}
		{8DBE1BA7-37C0-41B5-A4E9-03419AAAF4F0} = {0269BFA5-40DA-41DB-9F89-05DBF24AD152}
	EndGlobalSection
	GlobalSection(ExtensibilityGlobals) = postSolution
		SolutionGuid = {EB03B2A6-D4A1-4FBC-958E-9B39A6C4AE8C}
	EndGlobalSection
EndGlobal
